{
    "_readme": [
        "This file locks the dependencies of your project to a known state",
        "Read more about it at http://getcomposer.org/doc/01-basic-usage.md#composer-lock-the-lock-file",
        "This file is @generated automatically"
    ],
    "hash": "3a6d953e97293f87d1f0b3e0bcddb994",
    "packages": [
        {
            "name": "phpmvc/comment",
            "version": "dev-master",
            "source": {
                "type": "git",
                "url": "https://github.com/mosbth/phpmvc-comment.git",
                "reference": "ea5c43e8bb3f723d6fb69c892500d26c7390eb37"
            },
            "dist": {
                "type": "zip",
                "url": "https://api.github.com/repos/mosbth/phpmvc-comment/zipball/ea5c43e8bb3f723d6fb69c892500d26c7390eb37",
                "reference": "ea5c43e8bb3f723d6fb69c892500d26c7390eb37",
                "shasum": ""
            },
            "require": {
                "php": ">=5.4"
            },
            "type": "library",
            "autoload": {
                "psr-4": {
                    "Phpmvc\\": "src/"
                }
            },
            "notification-url": "https://packagist.org/downloads/",
            "license": [
                "MIT"
            ],
            "authors": [
                {
                    "name": "Mikael Roos",
                    "email": "me@mikaelroos.se",
                    "homepage": "http://mikaelroos.se",
                    "role": "Developer"
                }
            ],
            "description": "Various base classes for comments management",
            "homepage": "http://dbwebb.se",
            "keywords": [
                "comments",
                "education"
            ],
            "time": "2014-04-02 12:59:02"
        }
    ],
    "packages-dev": [],
    "aliases": [],
    "minimum-stability": "stable",
    "stability-flags": {
        "phpmvc/comment": 20
    },
    "prefer-stable": false,
    "prefer-lowest": false,
    "platform": {
        "php": ">=5.4"
    },
    "platform-dev": []
}
